
Microsoft Visual Studio Solution File, Format Version 12.00
# Visual Studio 15
VisualStudioVersion = 15.0.28010.2036
MinimumVisualStudioVersion = 10.0.40219.1
Project("{8BC9CEB8-8B4A-11D0-8D11-00A0C91BC942}") = "Maple", "Maple\Maple.vcxproj", "{A1617060-81DE-434D-8D6A-46BD97C7AB76}"
EndProject
Global
	GlobalSection(SolutionConfigurationPlatforms) = preSolution
		Debug|x64 = Debug|x64
		Release|x64 = Release|x64
	EndGlobalSection
	GlobalSection(ProjectConfigurationPlatforms) = postSolution
		{A1617060-81DE-434D-8D6A-46BD97C7AB76}.Debug|x64.ActiveCfg = Debug|x64
		{A1617060-81DE-434D-8D6A-46BD97C7AB76}.Debug|x64.Build.0 = Debug|x64
		{A1617060-81DE-434D-8D6A-46BD97C7AB76}.Release|x64.ActiveCfg = Release|x64
		{A1617060-81DE-434D-8D6A-46BD97C7AB76}.Release|x64.Build.0 = Release|x64
	EndGlobalSection
	GlobalSection(SolutionProperties) = preSolution
		HideSolutionNode = FALSE
	EndGlobalSection
	GlobalSection(ExtensibilityGlobals) = postSolution
		SolutionGuid = {731961D1-D5AD-448B-8D4E-9EC4BC92FB08}
	EndGlobalSection
EndGlobal
